
Microsoft Visual Studio Solution File, Format Version 12.00
# Visual Studio Version 16
VisualStudioVersion = 16.0.30621.155
MinimumVisualStudioVersion = 10.0.40219.1
Project("{8BC9CEB8-8B4A-11D0-8D11-00A0C91BC942}") = "AUMInjector", "AUMInjector\AUMInjector.vcxproj", "{5A9DF862-B3B4-4125-A7C0-7F1058EC33E6}"
EndProject
Project("{9A19103F-16F7-4668-BE54-9A1E7A4F7556}") = "AUMDeobfuscator", "AUMDeobfuscator\AUMDeobfuscator.csproj", "{B77105A4-61C7-431A-AD42-57CE628358B9}"
EndProject
Project("{FAE04EC0-301F-11D3-BF4B-00C04F79EFBC}") = "AUMInstaller", "AUMInstaller\AUMInstaller.csproj", "{7077482C-431B-4BEB-A521-DA5952AE3D16}"
EndProject
Global
	GlobalSection(SolutionConfigurationPlatforms) = preSolution
		Debug|Any CPU = Debug|Any CPU
		Debug|x86 = Debug|x86
		Release|Any CPU = Release|Any CPU
		Release|x86 = Release|x86
		RelWithDevTools|Any CPU = RelWithDevTools|Any CPU
		RelWithDevTools|x86 = RelWithDevTools|x86
	EndGlobalSection
	GlobalSection(ProjectConfigurationPlatforms) = postSolution
		{5A9DF862-B3B4-4125-A7C0-7F1058EC33E6}.Debug|Any CPU.ActiveCfg = Debug|Win32
		{5A9DF862-B3B4-4125-A7C0-7F1058EC33E6}.Debug|x86.ActiveCfg = Debug|Win32
		{5A9DF862-B3B4-4125-A7C0-7F1058EC33E6}.Debug|x86.Build.0 = Debug|Win32
		{5A9DF862-B3B4-4125-A7C0-7F1058EC33E6}.Release|Any CPU.ActiveCfg = Release|Win32
		{5A9DF862-B3B4-4125-A7C0-7F1058EC33E6}.Release|x86.ActiveCfg = Release|Win32
		{5A9DF862-B3B4-4125-A7C0-7F1058EC33E6}.Release|x86.Build.0 = Release|Win32
		{5A9DF862-B3B4-4125-A7C0-7F1058EC33E6}.RelWithDevTools|Any CPU.ActiveCfg = RelWithDevTools|Win32
		{5A9DF862-B3B4-4125-A7C0-7F1058EC33E6}.RelWithDevTools|x86.ActiveCfg = Release|Win32
		{5A9DF862-B3B4-4125-A7C0-7F1058EC33E6}.RelWithDevTools|x86.Build.0 = Release|Win32
		{B77105A4-61C7-431A-AD42-57CE628358B9}.Debug|Any CPU.ActiveCfg = Debug|Any CPU
		{B77105A4-61C7-431A-AD42-57CE628358B9}.Debug|Any CPU.Build.0 = Debug|Any CPU
		{B77105A4-61C7-431A-AD42-57CE628358B9}.Debug|x86.ActiveCfg = Debug|Any CPU
		{B77105A4-61C7-431A-AD42-57CE628358B9}.Debug|x86.Build.0 = Debug|Any CPU
		{B77105A4-61C7-431A-AD42-57CE628358B9}.Release|Any CPU.ActiveCfg = Release|Any CPU
		{B77105A4-61C7-431A-AD42-57CE628358B9}.Release|Any CPU.Build.0 = Release|Any CPU
		{B77105A4-61C7-431A-AD42-57CE628358B9}.Release|x86.ActiveCfg = Release|Any CPU
		{B77105A4-61C7-431A-AD42-57CE628358B9}.Release|x86.Build.0 = Release|Any CPU
		{B77105A4-61C7-431A-AD42-57CE628358B9}.RelWithDevTools|Any CPU.ActiveCfg = Release|Any CPU
		{B77105A4-61C7-431A-AD42-57CE628358B9}.RelWithDevTools|Any CPU.Build.0 = Release|Any CPU
		{B77105A4-61C7-431A-AD42-57CE628358B9}.RelWithDevTools|x86.ActiveCfg = Release|Any CPU
		{B77105A4-61C7-431A-AD42-57CE628358B9}.RelWithDevTools|x86.Build.0 = Release|Any CPU
		{7077482C-431B-4BEB-A521-DA5952AE3D16}.Debug|Any CPU.ActiveCfg = Debug|Any CPU
		{7077482C-431B-4BEB-A521-DA5952AE3D16}.Debug|Any CPU.Build.0 = Debug|Any CPU
		{7077482C-431B-4BEB-A521-DA5952AE3D16}.Debug|x86.ActiveCfg = Debug|Any CPU
		{7077482C-431B-4BEB-A521-DA5952AE3D16}.Debug|x86.Build.0 = Debug|Any CPU
		{7077482C-431B-4BEB-A521-DA5952AE3D16}.Release|Any CPU.ActiveCfg = Release|Any CPU
		{7077482C-431B-4BEB-A521-DA5952AE3D16}.Release|Any CPU.Build.0 = Release|Any CPU
		{7077482C-431B-4BEB-A521-DA5952AE3D16}.Release|x86.ActiveCfg = Release|Any CPU
		{7077482C-431B-4BEB-A521-DA5952AE3D16}.Release|x86.Build.0 = Release|Any CPU
		{7077482C-431B-4BEB-A521-DA5952AE3D16}.RelWithDevTools|Any CPU.ActiveCfg = Release|Any CPU
		{7077482C-431B-4BEB-A521-DA5952AE3D16}.RelWithDevTools|Any CPU.Build.0 = Release|Any CPU
		{7077482C-431B-4BEB-A521-DA5952AE3D16}.RelWithDevTools|x86.ActiveCfg = Release|Any CPU
		{7077482C-431B-4BEB-A521-DA5952AE3D16}.RelWithDevTools|x86.Build.0 = Release|Any CPU
	EndGlobalSection
	GlobalSection(SolutionProperties) = preSolution
		HideSolutionNode = FALSE
	EndGlobalSection
	GlobalSection(ExtensibilityGlobals) = postSolution
		SolutionGuid = {D924977D-157A-4FAB-AA49-581636A43682}
	EndGlobalSection
EndGlobal
